// !$*UTF8*$!
{
	archiveVersion = 1;
	classes = {
	};
	objectVersion = 55;
	objects = {

/* Begin PBXBuildFile section */
		4B2E4B0227B05A9B0073770D /* ListRowView.swift in Sources */ = {isa = PBXBuildFile; fileRef = 4B2E4B0127B05A9B0073770D /* ListRowView.swift */; };
		4B2E4B0427B0607B0073770D /* AddView.swift in Sources */ = {isa = PBXBuildFile; fileRef = 4B2E4B0327B0607B0073770D /* AddView.swift */; };
		4B2E4B0727B06F100073770D /* ItemModel.swift in Sources */ = {isa = PBXBuildFile; fileRef = 4B2E4B0627B06F100073770D /* ItemModel.swift */; };
		4BD6FF7B27B0271F00E870A0 /* TooDoo2App.swift in Sources */ = {isa = PBXBuildFile; fileRef = 4BD6FF7A27B0271F00E870A0 /* TooDoo2App.swift */; };
		4BD6FF7F27B0272000E870A0 /* Assets.xcassets in Resources */ = {isa = PBXBuildFile; fileRef = 4BD6FF7E27B0272000E870A0 /* Assets.xcassets */; };
		4BD6FF8227B0272000E870A0 /* Preview Assets.xcassets in Resources */ = {isa = PBXBuildFile; fileRef = 4BD6FF8127B0272000E870A0 /* Preview Assets.xcassets */; };
		4BD6FF8C27B0272000E870A0 /* TooDoo2Tests.swift in Sources */ = {isa = PBXBuildFile; fileRef = 4BD6FF8B27B0272000E870A0 /* TooDoo2Tests.swift */; };
		4BD6FF9627B0272000E870A0 /* TooDoo2UITests.swift in Sources */ = {isa = PBXBuildFile; fileRef = 4BD6FF9527B0272000E870A0 /* TooDoo2UITests.swift */; };
		4BD6FF9827B0272000E870A0 /* TooDoo2UITestsLaunchTests.swift in Sources */ = {isa = PBXBuildFile; fileRef = 4BD6FF9727B0272000E870A0 /* TooDoo2UITestsLaunchTests.swift */; };
		4BD6FFA827B0568200E870A0 /* ListView.swift in Sources */ = {isa = PBXBuildFile; fileRef = 4BD6FFA727B0568200E870A0 /* ListView.swift */; };
/* End PBXBuildFile section */

/* Begin PBXContainerItemProxy section */
		4BD6FF8827B0272000E870A0 /* PBXContainerItemProxy */ = {
			isa = PBXContainerItemProxy;
			containerPortal = 4BD6FF6F27B0271F00E870A0 /* Project object */;
			proxyType = 1;
			remoteGlobalIDString = 4BD6FF7627B0271F00E870A0;
			remoteInfo = TooDoo2;
		};
		4BD6FF9227B0272000E870A0 /* PBXContainerItemProxy */ = {
			isa = PBXContainerItemProxy;
			containerPortal = 4BD6FF6F27B0271F00E870A0 /* Project object */;
			proxyType = 1;
			remoteGlobalIDString = 4BD6FF7627B0271F00E870A0;
			remoteInfo = TooDoo2;
		};
/* End PBXContainerItemProxy section */

/* Begin PBXFileReference section */
		4B2E4B0127B05A9B0073770D /* ListRowView.swift */ = {isa = PBXFileReference; lastKnownFileType = sourcecode.swift; path = ListRowView.swift; sourceTree = "<group>"; };
		4B2E4B0327B0607B0073770D /* AddView.swift */ = {isa = PBXFileReference; lastKnownFileType = sourcecode.swift; path = AddView.swift; sourceTree = "<group>"; };
		4B2E4B0627B06F100073770D /* ItemModel.swift */ = {isa = PBXFileReference; lastKnownFileType = sourcecode.swift; path = ItemModel.swift; sourceTree = "<group>"; };
		4BD6FF7727B0271F00E870A0 /* TooDoo2.app */ = {isa = PBXFileReference; explicitFileType = wrapper.application; includeInIndex = 0; path = TooDoo2.app; sourceTree = BUILT_PRODUCTS_DIR; };
		4BD6FF7A27B0271F00E870A0 /* TooDoo2App.swift */ = {isa = PBXFileReference; lastKnownFileType = sourcecode.swift; path = TooDoo2App.swift; sourceTree = "<group>"; };
		4BD6FF7E27B0272000E870A0 /* Assets.xcassets */ = {isa = PBXFileReference; lastKnownFileType = folder.assetcatalog; path = Assets.xcassets; sourceTree = "<group>"; };
		4BD6FF8127B0272000E870A0 /* Preview Assets.xcassets */ = {isa = PBXFileReference; lastKnownFileType = folder.assetcatalog; path = "Preview Assets.xcassets"; sourceTree = "<group>"; };
		4BD6FF8727B0272000E870A0 /* TooDoo2Tests.xctest */ = {isa = PBXFileReference; explicitFileType = wrapper.cfbundle; includeInIndex = 0; path = TooDoo2Tests.xctest; sourceTree = BUILT_PRODUCTS_DIR; };
		4BD6FF8B27B0272000E870A0 /* TooDoo2Tests.swift */ = {isa = PBXFileReference; lastKnownFileType = sourcecode.swift; path = TooDoo2Tests.swift; sourceTree = "<group>"; };
		4BD6FF9127B0272000E870A0 /* TooDoo2UITests.xctest */ = {isa = PBXFileReference; explicitFileType = wrapper.cfbundle; includeInIndex = 0; path = TooDoo2UITests.xctest; sourceTree = BUILT_PRODUCTS_DIR; };
		4BD6FF9527B0272000E870A0 /* TooDoo2UITests.swift */ = {isa = PBXFileReference; lastKnownFileType = sourcecode.swift; path = TooDoo2UITests.swift; sourceTree = "<group>"; };
		4BD6FF9727B0272000E870A0 /* TooDoo2UITestsLaunchTests.swift */ = {isa = PBXFileReference; lastKnownFileType = sourcecode.swift; path = TooDoo2UITestsLaunchTests.swift; sourceTree = "<group>"; };
		4BD6FFA727B0568200E870A0 /* ListView.swift */ = {isa = PBXFileReference; lastKnownFileType = sourcecode.swift; path = ListView.swift; sourceTree = "<group>"; };
/* End PBXFileReference section */

/* Begin PBXFrameworksBuildPhase section */
		4BD6FF7427B0271F00E870A0 /* Frameworks */ = {
			isa = PBXFrameworksBuildPhase;
			buildActionMask = 2147483647;
			files = (
			);
			runOnlyForDeploymentPostprocessing = 0;
		};
		4BD6FF8427B0272000E870A0 /* Frameworks */ = {
			isa = PBXFrameworksBuildPhase;
			buildActionMask = 2147483647;
			files = (
			);
			runOnlyForDeploymentPostprocessing = 0;
		};
		4BD6FF8E27B0272000E870A0 /* Frameworks */ = {
			isa = PBXFrameworksBuildPhase;
			buildActionMask = 2147483647;
			files = (
			);
			runOnlyForDeploymentPostprocessing = 0;
		};
/* End PBXFrameworksBuildPhase section */

/* Begin PBXGroup section */
		4B2E4B0527B06EF90073770D /* Models */ = {
			isa = PBXGroup;
			children = (
				4B2E4B0627B06F100073770D /* ItemModel.swift */,
			);
			path = Models;
			sourceTree = "<group>";
		};
		4BD6FF6E27B0271F00E870A0 = {
			isa = PBXGroup;
			children = (
				4BD6FF7927B0271F00E870A0 /* TooDoo2 */,
				4BD6FF8A27B0272000E870A0 /* TooDoo2Tests */,
				4BD6FF9427B0272000E870A0 /* TooDoo2UITests */,
				4BD6FF7827B0271F00E870A0 /* Products */,
			);
			sourceTree = "<group>";
		};
		4BD6FF7827B0271F00E870A0 /* Products */ = {
			isa = PBXGroup;
			children = (
				4BD6FF7727B0271F00E870A0 /* TooDoo2.app */,
				4BD6FF8727B0272000E870A0 /* TooDoo2Tests.xctest */,
				4BD6FF9127B0272000E870A0 /* TooDoo2UITests.xctest */,
			);
			name = Products;
			sourceTree = "<group>";
		};
		4BD6FF7927B0271F00E870A0 /* TooDoo2 */ = {
			isa = PBXGroup;
			children = (
				4BD6FF7A27B0271F00E870A0 /* TooDoo2App.swift */,
				4B2E4B0527B06EF90073770D /* Models */,
				4BD6FFA627B0566700E870A0 /* Views */,
				4BD6FF7E27B0272000E870A0 /* Assets.xcassets */,
				4BD6FF8027B0272000E870A0 /* Preview Content */,
			);
			path = TooDoo2;
			sourceTree = "<group>";
		};
		4BD6FF8027B0272000E870A0 /* Preview Content */ = {
			isa = PBXGroup;
			children = (
				4BD6FF8127B0272000E870A0 /* Preview Assets.xcassets */,
			);
			path = "Preview Content";
			sourceTree = "<group>";
		};
		4BD6FF8A27B0272000E870A0 /* TooDoo2Tests */ = {
			isa = PBXGroup;
			children = (
				4BD6FF8B27B0272000E870A0 /* TooDoo2Tests.swift */,
			);
			path = TooDoo2Tests;
			sourceTree = "<group>";
		};
		4BD6FF9427B0272000E870A0 /* TooDoo2UITests */ = {
			isa = PBXGroup;
			children = (
				4BD6FF9527B0272000E870A0 /* TooDoo2UITests.swift */,
				4BD6FF9727B0272000E870A0 /* TooDoo2UITestsLaunchTests.swift */,
			);
			path = TooDoo2UITests;
			sourceTree = "<group>";
		};
		4BD6FFA627B0566700E870A0 /* Views */ = {
			isa = PBXGroup;
			children = (
				4BD6FFA727B0568200E870A0 /* ListView.swift */,
				4B2E4B0127B05A9B0073770D /* ListRowView.swift */,
				4B2E4B0327B0607B0073770D /* AddView.swift */,
			);
			path = Views;
			sourceTree = "<group>";
		};
/* End PBXGroup section */

/* Begin PBXNativeTarget section */
		4BD6FF7627B0271F00E870A0 /* TooDoo2 */ = {
			isa = PBXNativeTarget;
			buildConfigurationList = 4BD6FF9B27B0272000E870A0 /* Build configuration list for PBXNativeTarget "TooDoo2" */;
			buildPhases = (
				4BD6FF7327B0271F00E870A0 /* Sources */,
				4BD6FF7427B0271F00E870A0 /* Frameworks */,
				4BD6FF7527B0271F00E870A0 /* Resources */,
			);
			buildRules = (
			);
			dependencies = (
			);
			name = TooDoo2;
			productName = TooDoo2;
			productReference = 4BD6FF7727B0271F00E870A0 /* TooDoo2.app */;
			productType = "com.apple.product-type.application";
		};
		4BD6FF8627B0272000E870A0 /* TooDoo2Tests */ = {
			isa = PBXNativeTarget;
			buildConfigurationList = 4BD6FF9E27B0272000E870A0 /* Build configuration list for PBXNativeTarget "TooDoo2Tests" */;
			buildPhases = (
				4BD6FF8327B0272000E870A0 /* Sources */,
				4BD6FF8427B0272000E870A0 /* Frameworks */,
				4BD6FF8527B0272000E870A0 /* Resources */,
			);
			buildRules = (
			);
			dependencies = (
				4BD6FF8927B0272000E870A0 /* PBXTargetDependency */,
			);
			name = TooDoo2Tests;
			productName = TooDoo2Tests;
			productReference = 4BD6FF8727B0272000E870A0 /* TooDoo2Tests.xctest */;
			productType = "com.apple.product-type.bundle.unit-test";
		};
		4BD6FF9027B0272000E870A0 /* TooDoo2UITests */ = {
			isa = PBXNativeTarget;
			buildConfigurationList = 4BD6FFA127B0272000E870A0 /* Build configuration list for PBXNativeTarget "TooDoo2UITests" */;
			buildPhases = (
				4BD6FF8D27B0272000E870A0 /* Sources */,
				4BD6FF8E27B0272000E870A0 /* Frameworks */,
				4BD6FF8F27B0272000E870A0 /* Resources */,
			);
			buildRules = (
			);
			dependencies = (
				4BD6FF9327B0272000E870A0 /* PBXTargetDependency */,
			);
			name = TooDoo2UITests;
			productName = TooDoo2UITests;
			productReference = 4BD6FF9127B0272000E870A0 /* TooDoo2UITests.xctest */;
			productType = "com.apple.product-type.bundle.ui-testing";
		};
/* End PBXNativeTarget section */

/* Begin PBXProject section */
		4BD6FF6F27B0271F00E870A0 /* Project object */ = {
			isa = PBXProject;
			attributes = {
				BuildIndependentTargetsInParallel = 1;
				LastSwiftUpdateCheck = 1320;
				LastUpgradeCheck = 1320;
				TargetAttributes = {
					4BD6FF7627B0271F00E870A0 = {
						CreatedOnToolsVersion = 13.2.1;
					};
					4BD6FF8627B0272000E870A0 = {
						CreatedOnToolsVersion = 13.2.1;
						TestTargetID = 4BD6FF7627B0271F00E870A0;
					};
					4BD6FF9027B0272000E870A0 = {
						CreatedOnToolsVersion = 13.2.1;
						TestTargetID = 4BD6FF7627B0271F00E870A0;
					};
				};
			};
			buildConfigurationList = 4BD6FF7227B0271F00E870A0 /* Build configuration list for PBXProject "TooDoo2" */;
			compatibilityVersion = "Xcode 13.0";
			developmentRegion = en;
			hasScannedForEncodings = 0;
			knownRegions = (
				en,
				Base,
			);
			mainGroup = 4BD6FF6E27B0271F00E870A0;
			productRefGroup = 4BD6FF7827B0271F00E870A0 /* Products */;
			projectDirPath = "";
			projectRoot = "";
			targets = (
				4BD6FF7627B0271F00E870A0 /* TooDoo2 */,
				4BD6FF8627B0272000E870A0 /* TooDoo2Tests */,
				4BD6FF9027B0272000E870A0 /* TooDoo2UITests */,
			);
		};
/* End PBXProject section */

/* Begin PBXResourcesBuildPhase section */
		4BD6FF7527B0271F00E870A0 /* Resources */ = {
			isa = PBXResourcesBuildPhase;
			buildActionMask = 2147483647;
			files = (
				4BD6FF8227B0272000E870A0 /* Preview Assets.xcassets in Resources */,
				4BD6FF7F27B0272000E870A0 /* Assets.xcassets in Resources */,
			);
			runOnlyForDeploymentPostprocessing = 0;
		};
		4BD6FF8527B0272000E870A0 /* Resources */ = {
			isa = PBXResourcesBuildPhase;
			buildActionMask = 2147483647;
			files = (
			);
			runOnlyForDeploymentPostprocessing = 0;
		};
		4BD6FF8F27B0272000E870A0 /* Resources */ = {
			isa = PBXResourcesBuildPhase;
			buildActionMask = 2147483647;
			files = (
			);
			runOnlyForDeploymentPostprocessing = 0;
		};
/* End PBXResourcesBuildPhase section */

/* Begin PBXSourcesBuildPhase section */
		4BD6FF7327B0271F00E870A0 /* Sources */ = {
			isa = PBXSourcesBuildPhase;
			buildActionMask = 2147483647;
			files = (
				4B2E4B0727B06F100073770D /* ItemModel.swift in Sources */,
				4B2E4B0427B0607B0073770D /* AddView.swift in Sources */,
				4BD6FF7B27B0271F00E870A0 /* TooDoo2App.swift in Sources */,
				4BD6FFA827B0568200E870A0 /* ListView.swift in Sources */,
				4B2E4B0227B05A9B0073770D /* ListRowView.swift in Sources */,
			);
			runOnlyForDeploymentPostprocessing = 0;
		};
		4BD6FF8327B0272000E870A0 /* Sources */ = {
			isa = PBXSourcesBuildPhase;
			buildActionMask = 2147483647;
			files = (
				4BD6FF8C27B0272000E870A0 /* TooDoo2Tests.swift in Sources */,
			);
			runOnlyForDeploymentPostprocessing = 0;
		};
		4BD6FF8D27B0272000E870A0 /* Sources */ = {
			isa = PBXSourcesBuildPhase;
			buildActionMask = 2147483647;
			files = (
				4BD6FF9627B0272000E870A0 /* TooDoo2UITests.swift in Sources */,
				4BD6FF9827B0272000E870A0 /* TooDoo2UITestsLaunchTests.swift in Sources */,
			);
			runOnlyForDeploymentPostprocessing = 0;
		};
/* End PBXSourcesBuildPhase section */

/* Begin PBXTargetDependency section */
		4BD6FF8927B0272000E870A0 /* PBXTargetDependency */ = {
			isa = PBXTargetDependency;
			target = 4BD6FF7627B0271F00E870A0 /* TooDoo2 */;
			targetProxy = 4BD6FF8827B0272000E870A0 /* PBXContainerItemProxy */;
		};
		4BD6FF9327B0272000E870A0 /* PBXTargetDependency */ = {
			isa = PBXTargetDependency;
			target = 4BD6FF7627B0271F00E870A0 /* TooDoo2 */;
			targetProxy = 4BD6FF9227B0272000E870A0 /* PBXContainerItemProxy */;
		};
/* End PBXTargetDependency section */

/* Begin XCBuildConfiguration section */
		4BD6FF9927B0272000E870A0 /* Debug */ = {
			isa = XCBuildConfiguration;
			buildSettings = {
				ALWAYS_SEARCH_USER_PATHS = NO;
				CLANG_ANALYZER_NONNULL = YES;
				CLANG_ANALYZER_NUMBER_OBJECT_CONVERSION = YES_AGGRESSIVE;
				CLANG_CXX_LANGUAGE_STANDARD = "gnu++17";
				CLANG_CXX_LIBRARY = "libc++";
				CLANG_ENABLE_MODULES = YES;
				CLANG_ENABLE_OBJC_ARC = YES;
				CLANG_ENABLE_OBJC_WEAK = YES;
				CLANG_WARN_BLOCK_CAPTURE_AUTORELEASING = YES;
				CLANG_WARN_BOOL_CONVERSION = YES;
				CLANG_WARN_COMMA = YES;
				CLANG_WARN_CONSTANT_CONVERSION = YES;
				CLANG_WARN_DEPRECATED_OBJC_IMPLEMENTATIONS = YES;
				CLANG_WARN_DIRECT_OBJC_ISA_USAGE = YES_ERROR;
				CLANG_WARN_DOCUMENTATION_COMMENTS = YES;
				CLANG_WARN_EMPTY_BODY = YES;
				CLANG_WARN_ENUM_CONVERSION = YES;
				CLANG_WARN_INFINITE_RECURSION = YES;
				CLANG_WARN_INT_CONVERSION = YES;
				CLANG_WARN_NON_LITERAL_NULL_CONVERSION = YES;
				CLANG_WARN_OBJC_IMPLICIT_RETAIN_SELF = YES;
				CLANG_WARN_OBJC_LITERAL_CONVERSION = YES;
				CLANG_WARN_OBJC_ROOT_CLASS = YES_ERROR;
				CLANG_WARN_QUOTED_INCLUDE_IN_FRAMEWORK_HEADER = YES;
				CLANG_WARN_RANGE_LOOP_ANALYSIS = YES;
				CLANG_WARN_STRICT_PROTOTYPES = YES;
				CLANG_WARN_SUSPICIOUS_MOVE = YES;
				CLANG_WARN_UNGUARDED_AVAILABILITY = YES_AGGRESSIVE;
				CLANG_WARN_UNREACHABLE_CODE = YES;
				CLANG_WARN__DUPLICATE_METHOD_MATCH = YES;
				COPY_PHASE_STRIP = NO;
				DEBUG_INFORMATION_FORMAT = dwarf;
				ENABLE_STRICT_OBJC_MSGSEND = YES;
				ENABLE_TESTABILITY = YES;
				GCC_C_LANGUAGE_STANDARD = gnu11;
				GCC_DYNAMIC_NO_PIC = NO;
				GCC_NO_COMMON_BLOCKS = YES;
				GCC_OPTIMIZATION_LEVEL = 0;
				GCC_PREPROCESSOR_DEFINITIONS = (
					"DEBUG=1",
					"$(inherited)",
				);
				GCC_WARN_64_TO_32_BIT_CONVERSION = YES;
				GCC_WARN_ABOUT_RETURN_TYPE = YES_ERROR;
				GCC_WARN_UNDECLARED_SELECTOR = YES;
				GCC_WARN_UNINITIALIZED_AUTOS = YES_AGGRESSIVE;
				GCC_WARN_UNUSED_FUNCTION = YES;
				GCC_WARN_UNUSED_VARIABLE = YES;
				IPHONEOS_DEPLOYMENT_TARGET = 15.2;
				MTL_ENABLE_DEBUG_INFO = INCLUDE_SOURCE;
				MTL_FAST_MATH = YES;
				ONLY_ACTIVE_ARCH = YES;
				SDKROOT = iphoneos;
				SWIFT_ACTIVE_COMPILATION_CONDITIONS = DEBUG;
				SWIFT_OPTIMIZATION_LEVEL = "-Onone";
			};
			name = Debug;
		};
		4BD6FF9A27B0272000E870A0 /* Release */ = {
			isa = XCBuildConfiguration;
			buildSettings = {
				ALWAYS_SEARCH_USER_PATHS = NO;
				CLANG_ANALYZER_NONNULL = YES;
				CLANG_ANALYZER_NUMBER_OBJECT_CONVERSION = YES_AGGRESSIVE;
				CLANG_CXX_LANGUAGE_STANDARD = "gnu++17";
				CLANG_CXX_LIBRARY = "libc++";
				CLANG_ENABLE_MODULES = YES;
				CLANG_ENABLE_OBJC_ARC = YES;
				CLANG_ENABLE_OBJC_WEAK = YES;
				CLANG_WARN_BLOCK_CAPTURE_AUTORELEASING = YES;
				CLANG_WARN_BOOL_CONVERSION = YES;
				CLANG_WARN_COMMA = YES;
				CLANG_WARN_CONSTANT_CONVERSION = YES;
				CLANG_WARN_DEPRECATED_OBJC_IMPLEMENTATIONS = YES;
				CLANG_WARN_DIRECT_OBJC_ISA_USAGE = YES_ERROR;
				CLANG_WARN_DOCUMENTATION_COMMENTS = YES;
				CLANG_WARN_EMPTY_BODY = YES;
				CLANG_WARN_ENUM_CONVERSION = YES;
				CLANG_WARN_INFINITE_RECURSION = YES;
				CLANG_WARN_INT_CONVERSION = YES;
				CLANG_WARN_NON_LITERAL_NULL_CONVERSION = YES;
				CLANG_WARN_OBJC_IMPLICIT_RETAIN_SELF = YES;
				CLANG_WARN_OBJC_LITERAL_CONVERSION = YES;
				CLANG_WARN_OBJC_ROOT_CLASS = YES_ERROR;
				CLANG_WARN_QUOTED_INCLUDE_IN_FRAMEWORK_HEADER = YES;
				CLANG_WARN_RANGE_LOOP_ANALYSIS = YES;
				CLANG_WARN_STRICT_PROTOTYPES = YES;
				CLANG_WARN_SUSPICIOUS_MOVE = YES;
				CLANG_WARN_UNGUARDED_AVAILABILITY = YES_AGGRESSIVE;
				CLANG_WARN_UNREACHABLE_CODE = YES;
				CLANG_WARN__DUPLICATE_METHOD_MATCH = YES;
				COPY_PHASE_STRIP = NO;
				DEBUG_INFORMATION_FORMAT = "dwarf-with-dsym";
				ENABLE_NS_ASSERTIONS = NO;
				ENABLE_STRICT_OBJC_MSGSEND = YES;
				GCC_C_LANGUAGE_STANDARD = gnu11;
				GCC_NO_COMMON_BLOCKS = YES;
				GCC_WARN_64_TO_32_BIT_CONVERSION = YES;
				GCC_WARN_ABOUT_RETURN_TYPE = YES_ERROR;
				GCC_WARN_UNDECLARED_SELECTOR = YES;
				GCC_WARN_UNINITIALIZED_AUTOS = YES_AGGRESSIVE;
				GCC_WARN_UNUSED_FUNCTION = YES;
				GCC_WARN_UNUSED_VARIABLE = YES;
				IPHONEOS_DEPLOYMENT_TARGET = 15.2;
				MTL_ENABLE_DEBUG_INFO = NO;
				MTL_FAST_MATH = YES;
				SDKROOT = iphoneos;
				SWIFT_COMPILATION_MODE = wholemodule;
				SWIFT_OPTIMIZATION_LEVEL = "-O";
				VALIDATE_PRODUCT = YES;
			};
			name = Release;
		};
		4BD6FF9C27B0272000E870A0 /* Debug */ = {
			isa = XCBuildConfiguration;
			buildSettings = {
				ASSETCATALOG_COMPILER_APPICON_NAME = AppIcon;
				ASSETCATALOG_COMPILER_GLOBAL_ACCENT_COLOR_NAME = AccentColor;
				CODE_SIGN_STYLE = Automatic;
				CURRENT_PROJECT_VERSION = 1;
				DEVELOPMENT_ASSET_PATHS = "\"TooDoo2/Preview Content\"";
				DEVELOPMENT_TEAM = 9DDVM65X58;
				ENABLE_PREVIEWS = YES;
				GENERATE_INFOPLIST_FILE = YES;
				INFOPLIST_KEY_UIApplicationSceneManifest_Generation = YES;
				INFOPLIST_KEY_UIApplicationSupportsIndirectInputEvents = YES;
				INFOPLIST_KEY_UILaunchScreen_Generation = YES;
				INFOPLIST_KEY_UISupportedInterfaceOrientations_iPad = "UIInterfaceOrientationPortrait UIInterfaceOrientationPortraitUpsideDown UIInterfaceOrientationLandscapeLeft UIInterfaceOrientationLandscapeRight";
				INFOPLIST_KEY_UISupportedInterfaceOrientations_iPhone = "UIInterfaceOrientationPortrait UIInterfaceOrientationLandscapeLeft UIInterfaceOrientationLandscapeRight";
				LD_RUNPATH_SEARCH_PATHS = (
					"$(inherited)",
					"@executable_path/Frameworks",
				);
				MARKETING_VERSION = 1.0;
				PRODUCT_BUNDLE_IDENTIFIER = com.dustindev.TooDoo2;
				PRODUCT_NAME = "$(TARGET_NAME)";
				SWIFT_EMIT_LOC_STRINGS = YES;
				SWIFT_VERSION = 5.0;
				TARGETED_DEVICE_FAMILY = "1,2";
			};
			name = Debug;
		};
		4BD6FF9D27B0272000E870A0 /* Release */ = {
			isa = XCBuildConfiguration;
			buildSettings = {
				ASSETCATALOG_COMPILER_APPICON_NAME = AppIcon;
				ASSETCATALOG_COMPILER_GLOBAL_ACCENT_COLOR_NAME = AccentColor;
				CODE_SIGN_STYLE = Automatic;
				CURRENT_PROJECT_VERSION = 1;
				DEVELOPMENT_ASSET_PATHS = "\"TooDoo2/Preview Content\"";
				DEVELOPMENT_TEAM = 9DDVM65X58;
				ENABLE_PREVIEWS = YES;
				GENERATE_INFOPLIST_FILE = YES;
				INFOPLIST_KEY_UIApplicationSceneManifest_Generation = YES;
				INFOPLIST_KEY_UIApplicationSupportsIndirectInputEvents = YES;
				INFOPLIST_KEY_UILaunchScreen_Generation = YES;
				INFOPLIST_KEY_UISupportedInterfaceOrientations_iPad = "UIInterfaceOrientationPortrait UIInterfaceOrientationPortraitUpsideDown UIInterfaceOrientationLandscapeLeft UIInterfaceOrientationLandscapeRight";
				INFOPLIST_KEY_UISupportedInterfaceOrientations_iPhone = "UIInterfaceOrientationPortrait UIInterfaceOrientationLandscapeLeft UIInterfaceOrientationLandscapeRight";
				LD_RUNPATH_SEARCH_PATHS = (
					"$(inherited)",
					"@executable_path/Frameworks",
				);
				MARKETING_VERSION = 1.0;
				PRODUCT_BUNDLE_IDENTIFIER = com.dustindev.TooDoo2;
				PRODUCT_NAME = "$(TARGET_NAME)";
				SWIFT_EMIT_LOC_STRINGS = YES;
				SWIFT_VERSION = 5.0;
				TARGETED_DEVICE_FAMILY = "1,2";
			};
			name = Release;
		};
		4BD6FF9F27B0272000E870A0 /* Debug */ = {
			isa = XCBuildConfiguration;
			buildSettings = {
				ALWAYS_EMBED_SWIFT_STANDARD_LIBRARIES = YES;
				BUNDLE_LOADER = "$(TEST_HOST)";
				CODE_SIGN_STYLE = Automatic;
				CURRENT_PROJECT_VERSION = 1;
				DEVELOPMENT_TEAM = 9DDVM65X58;
				GENERATE_INFOPLIST_FILE = YES;
				IPHONEOS_DEPLOYMENT_TARGET = 15.2;
				MARKETING_VERSION = 1.0;
				PRODUCT_BUNDLE_IDENTIFIER = com.dustindev.TooDoo2Tests;
				PRODUCT_NAME = "$(TARGET_NAME)";
				SWIFT_EMIT_LOC_STRINGS = NO;
				SWIFT_VERSION = 5.0;
				TARGETED_DEVICE_FAMILY = "1,2";
				TEST_HOST = "$(BUILT_PRODUCTS_DIR)/TooDoo2.app/TooDoo2";
			};
			name = Debug;
		};
		4BD6FFA027B0272000E870A0 /* Release */ = {
			isa = XCBuildConfiguration;
			buildSettings = {
				ALWAYS_EMBED_SWIFT_STANDARD_LIBRARIES = YES;
				BUNDLE_LOADER = "$(TEST_HOST)";
				CODE_SIGN_STYLE = Automatic;
				CURRENT_PROJECT_VERSION = 1;
				DEVELOPMENT_TEAM = 9DDVM65X58;
				GENERATE_INFOPLIST_FILE = YES;
				IPHONEOS_DEPLOYMENT_TARGET = 15.2;
				MARKETING_VERSION = 1.0;
				PRODUCT_BUNDLE_IDENTIFIER = com.dustindev.TooDoo2Tests;
				PRODUCT_NAME = "$(TARGET_NAME)";
				SWIFT_EMIT_LOC_STRINGS = NO;
				SWIFT_VERSION = 5.0;
				TARGETED_DEVICE_FAMILY = "1,2";
				TEST_HOST = "$(BUILT_PRODUCTS_DIR)/TooDoo2.app/TooDoo2";
			};
			name = Release;
		};
		4BD6FFA227B0272000E870A0 /* Debug */ = {
			isa = XCBuildConfiguration;
			buildSettings = {
				ALWAYS_EMBED_SWIFT_STANDARD_LIBRARIES = YES;
				CODE_SIGN_STYLE = Automatic;
				CURRENT_PROJECT_VERSION = 1;
				DEVELOPMENT_TEAM = 9DDVM65X58;
				GENERATE_INFOPLIST_FILE = YES;
				MARKETING_VERSION = 1.0;
				PRODUCT_BUNDLE_IDENTIFIER = com.dustindev.TooDoo2UITests;
				PRODUCT_NAME = "$(TARGET_NAME)";
				SWIFT_EMIT_LOC_STRINGS = NO;
				SWIFT_VERSION = 5.0;
				TARGETED_DEVICE_FAMILY = "1,2";
				TEST_TARGET_NAME = TooDoo2;
			};
			name = Debug;
		};
		4BD6FFA327B0272000E870A0 /* Release */ = {
			isa = XCBuildConfiguration;
			buildSettings = {
				ALWAYS_EMBED_SWIFT_STANDARD_LIBRARIES = YES;
				CODE_SIGN_STYLE = Automatic;
				CURRENT_PROJECT_VERSION = 1;
				DEVELOPMENT_TEAM = 9DDVM65X58;
				GENERATE_INFOPLIST_FILE = YES;
				MARKETING_VERSION = 1.0;
				PRODUCT_BUNDLE_IDENTIFIER = com.dustindev.TooDoo2UITests;
				PRODUCT_NAME = "$(TARGET_NAME)";
				SWIFT_EMIT_LOC_STRINGS = NO;
				SWIFT_VERSION = 5.0;
				TARGETED_DEVICE_FAMILY = "1,2";
				TEST_TARGET_NAME = TooDoo2;
			};
			name = Release;
		};
/* End XCBuildConfiguration section */

/* Begin XCConfigurationList section */
		4BD6FF7227B0271F00E870A0 /* Build configuration list for PBXProject "TooDoo2" */ = {
			isa = XCConfigurationList;
			buildConfigurations = (
				4BD6FF9927B0272000E870A0 /* Debug */,
				4BD6FF9A27B0272000E870A0 /* Release */,
			);
			defaultConfigurationIsVisible = 0;
			defaultConfigurationName = Release;
		};
		4BD6FF9B27B0272000E870A0 /* Build configuration list for PBXNativeTarget "TooDoo2" */ = {
			isa = XCConfigurationList;
			buildConfigurations = (
				4BD6FF9C27B0272000E870A0 /* Debug */,
				4BD6FF9D27B0272000E870A0 /* Release */,
			);
			defaultConfigurationIsVisible = 0;
			defaultConfigurationName = Release;
		};
		4BD6FF9E27B0272000E870A0 /* Build configuration list for PBXNativeTarget "TooDoo2Tests" */ = {
			isa = XCConfigurationList;
			buildConfigurations = (
				4BD6FF9F27B0272000E870A0 /* Debug */,
				4BD6FFA027B0272000E870A0 /* Release */,
			);
			defaultConfigurationIsVisible = 0;
			defaultConfigurationName = Release;
		};
		4BD6FFA127B0272000E870A0 /* Build configuration list for PBXNativeTarget "TooDoo2UITests" */ = {
			isa = XCConfigurationList;
			buildConfigurations = (
				4BD6FFA227B0272000E870A0 /* Debug */,
				4BD6FFA327B0272000E870A0 /* Release */,
			);
			defaultConfigurationIsVisible = 0;
			defaultConfigurationName = Release;
		};
/* End XCConfigurationList section */
	};
	rootObject = 4BD6FF6F27B0271F00E870A0 /* Project object */;
}
